{
    "_readme": [
        "This file locks the dependencies of your project to a known state",
        "Read more about it at http://getcomposer.org/doc/01-basic-usage.md#composer-lock-the-lock-file"
    ],
    "hash": "11a7d8af1d8692e2c18085c93e3491fe",
    "packages": [
        {
            "name": "nazar-pc/cstester",
            "version": "0.1.7",
            "source": {
                "type": "git",
                "url": "https://github.com/nazar-pc/CSTester.git",
                "reference": "9ac29d479efcfe4ef1fec7287c8c0bd3d89cd2e1"
            },
            "dist": {
                "type": "zip",
                "url": "https://api.github.com/repos/nazar-pc/CSTester/zipball/9ac29d479efcfe4ef1fec7287c8c0bd3d89cd2e1",
                "reference": "9ac29d479efcfe4ef1fec7287c8c0bd3d89cd2e1",
                "shasum": ""
            },
            "require": {
                "php": ">=5.4"
            },
            "type": "library",
            "autoload": {
                "psr-0": {
                    "nazarpc": "src/"
                }
            },
            "notification-url": "https://packagist.org/downloads/",
            "license": [
                "MIT"
            ],
            "authors": [
                {
                    "name": "Nazar Mokrynskyi",
                    "email": "nazar@mokrynskyi.com",
                    "homepage": "http://cleverstyle.org/",
                    "role": "Developer"
                }
            ],
            "description": "CleverStyle Tester is simple tool to test your PHP applications",
            "homepage": "https://github.com/nazar-pc/CSTester",
            "keywords": [
                "test",
                "testing"
            ],
            "time": "2013-07-30 12:18:33"
        }
    ],
    "packages-dev": [

    ],
    "aliases": [

    ],
    "minimum-stability": "stable",
    "stability-flags": [

    ],
    "platform": [

    ],
    "platform-dev": [

    ]
}
